// !$*UTF8*$!
{
	archiveVersion = 1;
	classes = {
	};
	objectVersion = 46;
	objects = {

/* Begin PBXBuildFile section */
		4E144C151C11E65300148DED /* Launch Screen.storyboard in Resources */ = {isa = PBXBuildFile; fileRef = 4E144C141C11E65300148DED /* Launch Screen.storyboard */; };
		4E1504AA1C7D0AF4003AD878 /* FeedlyMarkersRequests.swift in Sources */ = {isa = PBXBuildFile; fileRef = 4E1504A91C7D0AF4003AD878 /* FeedlyMarkersRequests.swift */; };
		4E1504AC1C81BCA0003AD878 /* Errors.swift in Sources */ = {isa = PBXBuildFile; fileRef = 4E1504AB1C81BCA0003AD878 /* Errors.swift */; };
		4E1504AF1C8AEFA9003AD878 /* SubscriptionsRefreshLogic.swift in Sources */ = {isa = PBXBuildFile; fileRef = 4E1504AE1C8AEFA9003AD878 /* SubscriptionsRefreshLogic.swift */; };
		4E1504B11C8C54B9003AD878 /* StreamRefreshLogic.swift in Sources */ = {isa = PBXBuildFile; fileRef = 4E1504B01C8C54B9003AD878 /* StreamRefreshLogic.swift */; };
		4E1504B31C8C61A5003AD878 /* StreamRefreshOptions.swift in Sources */ = {isa = PBXBuildFile; fileRef = 4E1504B21C8C61A5003AD878 /* StreamRefreshOptions.swift */; };
		4E3162AD1A04FE6000E9E477 /* EntrySummaryParser.swift in Sources */ = {isa = PBXBuildFile; fileRef = 4E3162AC1A04FE6000E9E477 /* EntrySummaryParser.swift */; };
		4E36590119D6C2A8001BEE78 /* KeychainData.swift in Sources */ = {isa = PBXBuildFile; fileRef = 4E36590019D6C2A8001BEE78 /* KeychainData.swift */; };
		4E3F0CA819BC8A4F00E66E07 /* CategoriesViewController.swift in Sources */ = {isa = PBXBuildFile; fileRef = 4E3F0CA719BC8A4F00E66E07 /* CategoriesViewController.swift */; };
		4E3F0CAA19BC9A9F00E66E07 /* UIKit.framework in Frameworks */ = {isa = PBXBuildFile; fileRef = 4E3F0CA919BC9A9F00E66E07 /* UIKit.framework */; };
		4E3F0CAC19BCD16300E66E07 /* Category.swift in Sources */ = {isa = PBXBuildFile; fileRef = 4E3F0CAB19BCD16300E66E07 /* Category.swift */; };
		4E3F0CAE19BCD16300E66E07 /* Subscription.swift in Sources */ = {isa = PBXBuildFile; fileRef = 4E3F0CAD19BCD16300E66E07 /* Subscription.swift */; };
		4E3F0CB019BCD24B00E66E07 /* SubscriptionExtensions.swift in Sources */ = {isa = PBXBuildFile; fileRef = 4E3F0CAF19BCD24B00E66E07 /* SubscriptionExtensions.swift */; };
		4E3F0CB219BCD25E00E66E07 /* CategoryExtensions.swift in Sources */ = {isa = PBXBuildFile; fileRef = 4E3F0CB119BCD25E00E66E07 /* CategoryExtensions.swift */; };
		4E3FAE721986EBAD007DF98D /* LoginViewController.swift in Sources */ = {isa = PBXBuildFile; fileRef = 4E3FAE701986EBAD007DF98D /* LoginViewController.swift */; };
		4E3FAE731986EBAD007DF98D /* LoginViewController.xib in Resources */ = {isa = PBXBuildFile; fileRef = 4E3FAE711986EBAD007DF98D /* LoginViewController.xib */; };
		4E456CFE19FBE36A00A8085A /* EntryPageContentViewController.swift in Sources */ = {isa = PBXBuildFile; fileRef = 4E456CFD19FBE36A00A8085A /* EntryPageContentViewController.swift */; };
		4E456D0319FCCB9200A8085A /* SettingsViewController.swift in Sources */ = {isa = PBXBuildFile; fileRef = 4E456D0219FCCB9200A8085A /* SettingsViewController.swift */; };
		4E476F9D19B6421D0010588D /* FeedlyClient.xcdatamodeld in Sources */ = {isa = PBXBuildFile; fileRef = 4E476F9B19B6421D0010588D /* FeedlyClient.xcdatamodeld */; };
		4E51994319FD4A1E0036166F /* EntryTableViewCell.swift in Sources */ = {isa = PBXBuildFile; fileRef = 4E51994219FD4A1E0036166F /* EntryTableViewCell.swift */; };
		4E6ADAF71975A05000D3C72C /* AppDelegate.swift in Sources */ = {isa = PBXBuildFile; fileRef = 4E6ADAF61975A05000D3C72C /* AppDelegate.swift */; };
		4E6ADAFC1975A05000D3C72C /* Images.xcassets in Resources */ = {isa = PBXBuildFile; fileRef = 4E6ADAFB1975A05000D3C72C /* Images.xcassets */; };
		4E6ADB081975A05100D3C72C /* FeedlyClientTests.swift in Sources */ = {isa = PBXBuildFile; fileRef = 4E6ADB071975A05100D3C72C /* FeedlyClientTests.swift */; };
		4E70E9D71A06A9D100ED5688 /* ImagesDownloader.swift in Sources */ = {isa = PBXBuildFile; fileRef = 4E70E9D61A06A9D100ED5688 /* ImagesDownloader.swift */; };
		4E70E9D91A06C27F00ED5688 /* ImageIO.framework in Frameworks */ = {isa = PBXBuildFile; fileRef = 4E70E9D81A06C27F00ED5688 /* ImageIO.framework */; };
		4E757E7419A1C0AC00CEF5DD /* KeychainService.swift in Sources */ = {isa = PBXBuildFile; fileRef = 4E757E7319A1C0AC00CEF5DD /* KeychainService.swift */; };
		4EA3FEDB199A9B8800B84C0F /* FeedlyClientError.swift in Sources */ = {isa = PBXBuildFile; fileRef = 4EA3FEDA199A9B8800B84C0F /* FeedlyClientError.swift */; };
		4EA3FEDF199AA9FA00B84C0F /* Security.framework in Frameworks */ = {isa = PBXBuildFile; fileRef = 4EA3FEDE199AA9FA00B84C0F /* Security.framework */; };
		4EC7A87419E9271C0072F3F0 /* Alerts.swift in Sources */ = {isa = PBXBuildFile; fileRef = 4EC7A87319E9271C0072F3F0 /* Alerts.swift */; };
		4EC7A88219E976F70072F3F0 /* EntryContent.swift in Sources */ = {isa = PBXBuildFile; fileRef = 4EC7A88119E976F70072F3F0 /* EntryContent.swift */; };
		4EC7A88419E976F80072F3F0 /* Entry.swift in Sources */ = {isa = PBXBuildFile; fileRef = 4EC7A88319E976F80072F3F0 /* Entry.swift */; };
		4EC7A88619E976F80072F3F0 /* EntryVisual.swift in Sources */ = {isa = PBXBuildFile; fileRef = 4EC7A88519E976F80072F3F0 /* EntryVisual.swift */; };
		4EC7A88819E97C8C0072F3F0 /* EntryExtensions.swift in Sources */ = {isa = PBXBuildFile; fileRef = 4EC7A88719E97C8C0072F3F0 /* EntryExtensions.swift */; };
		4ECDA7CE19B1A10D0025E2B8 /* WebKit.framework in Frameworks */ = {isa = PBXBuildFile; fileRef = 4ECDA7CD19B1A10D0025E2B8 /* WebKit.framework */; };
		4ECDA7D019B1A87C0025E2B8 /* EntryViewController.swift in Sources */ = {isa = PBXBuildFile; fileRef = 4ECDA7CF19B1A87C0025E2B8 /* EntryViewController.swift */; };
		4ECDA80019B1A95E0025E2B8 /* FeedlyUserProfile.swift in Sources */ = {isa = PBXBuildFile; fileRef = 4ECDA7FA19B1A95E0025E2B8 /* FeedlyUserProfile.swift */; };
		4ECDA80119B1A95E0025E2B8 /* FeedlyUserAccessTokenInfo.swift in Sources */ = {isa = PBXBuildFile; fileRef = 4ECDA7FB19B1A95E0025E2B8 /* FeedlyUserAccessTokenInfo.swift */; };
		4ECDA80219B1A95E0025E2B8 /* FeedlyRefreshAccessToken.swift in Sources */ = {isa = PBXBuildFile; fileRef = 4ECDA7FC19B1A95E0025E2B8 /* FeedlyRefreshAccessToken.swift */; };
		4ECDA80319B1A95E0025E2B8 /* FeedlyUserProfileRequests.swift in Sources */ = {isa = PBXBuildFile; fileRef = 4ECDA7FD19B1A95E0025E2B8 /* FeedlyUserProfileRequests.swift */; };
		4ECDA80419B1A95E0025E2B8 /* FeedlyAuthenticationRequests.swift in Sources */ = {isa = PBXBuildFile; fileRef = 4ECDA7FE19B1A95E0025E2B8 /* FeedlyAuthenticationRequests.swift */; };
		4ECDA80519B1A95E0025E2B8 /* FeedlyAuthParameters.swift in Sources */ = {isa = PBXBuildFile; fileRef = 4ECDA7FF19B1A95E0025E2B8 /* FeedlyAuthParameters.swift */; };
		4ECDA80C19B1A9D40025E2B8 /* FeedlyEntriesRequests.swift in Sources */ = {isa = PBXBuildFile; fileRef = 4ECDA80619B1A9D40025E2B8 /* FeedlyEntriesRequests.swift */; };
		4ECDA80D19B1A9D40025E2B8 /* FeedlyEntryVisual.swift in Sources */ = {isa = PBXBuildFile; fileRef = 4ECDA80719B1A9D40025E2B8 /* FeedlyEntryVisual.swift */; };
		4ECDA80E19B1A9D40025E2B8 /* FeedlyEntryOrigin.swift in Sources */ = {isa = PBXBuildFile; fileRef = 4ECDA80819B1A9D40025E2B8 /* FeedlyEntryOrigin.swift */; };
		4ECDA80F19B1A9D40025E2B8 /* FeedlyEntryLink.swift in Sources */ = {isa = PBXBuildFile; fileRef = 4ECDA80919B1A9D40025E2B8 /* FeedlyEntryLink.swift */; };
		4ECDA81019B1A9D40025E2B8 /* FeedlyEntryContent.swift in Sources */ = {isa = PBXBuildFile; fileRef = 4ECDA80A19B1A9D40025E2B8 /* FeedlyEntryContent.swift */; };
		4ECDA81119B1A9D40025E2B8 /* FeedlyEntry.swift in Sources */ = {isa = PBXBuildFile; fileRef = 4ECDA80B19B1A9D40025E2B8 /* FeedlyEntry.swift */; };
		4ECDA81519B1AB5D0025E2B8 /* FeedlyStreamSearchOptions.swift in Sources */ = {isa = PBXBuildFile; fileRef = 4ECDA81219B1AB5D0025E2B8 /* FeedlyStreamSearchOptions.swift */; };
		4ECDA81619B1AB5D0025E2B8 /* FeedlyStream.swift in Sources */ = {isa = PBXBuildFile; fileRef = 4ECDA81319B1AB5D0025E2B8 /* FeedlyStream.swift */; };
		4ECDA81719B1AB5D0025E2B8 /* FeedlyStreamsRequests.swift in Sources */ = {isa = PBXBuildFile; fileRef = 4ECDA81419B1AB5D0025E2B8 /* FeedlyStreamsRequests.swift */; };
		4ECDA81C19B1ABDF0025E2B8 /* FeedlyCategoriesRequests.swift in Sources */ = {isa = PBXBuildFile; fileRef = 4ECDA81A19B1ABDF0025E2B8 /* FeedlyCategoriesRequests.swift */; };
		4ECDA81D19B1ABDF0025E2B8 /* FeedlyCategory.swift in Sources */ = {isa = PBXBuildFile; fileRef = 4ECDA81B19B1ABDF0025E2B8 /* FeedlyCategory.swift */; };
		4ECDA82119B1AC100025E2B8 /* FeedlySubscription.swift in Sources */ = {isa = PBXBuildFile; fileRef = 4ECDA81F19B1AC100025E2B8 /* FeedlySubscription.swift */; };
		4ECDA82219B1AC100025E2B8 /* FeedlySubcriptionsRequests.swift in Sources */ = {isa = PBXBuildFile; fileRef = 4ECDA82019B1AC100025E2B8 /* FeedlySubcriptionsRequests.swift */; };
		4ECDA82419B38C1C0025E2B8 /* FeedlyUserLogin.swift in Sources */ = {isa = PBXBuildFile; fileRef = 4ECDA82319B38C1C0025E2B8 /* FeedlyUserLogin.swift */; };
		4ECDA82819B392070025E2B8 /* CategoryEntriesTableViewController.swift in Sources */ = {isa = PBXBuildFile; fileRef = 4ECDA82719B392070025E2B8 /* CategoryEntriesTableViewController.swift */; };
		4ECDA82D19B3B2E80025E2B8 /* SearchOptions.swift in Sources */ = {isa = PBXBuildFile; fileRef = 4ECDA82C19B3B2E80025E2B8 /* SearchOptions.swift */; };
		4ECDA82F19B3B3760025E2B8 /* FeedlyFeedsSearch.swift in Sources */ = {isa = PBXBuildFile; fileRef = 4ECDA82E19B3B3760025E2B8 /* FeedlyFeedsSearch.swift */; };
		4ED18CEC197EE4B900EA7522 /* Constants.swift in Sources */ = {isa = PBXBuildFile; fileRef = 4ED18CEB197EE4B900EA7522 /* Constants.swift */; };
		4ED6221219B97A28001CFA68 /* UniversalStoryboard.storyboard in Resources */ = {isa = PBXBuildFile; fileRef = 4ED6221119B97A28001CFA68 /* UniversalStoryboard.storyboard */; };
		4EEDE2F91C56D18D0007994F /* JsScripts.swift in Sources */ = {isa = PBXBuildFile; fileRef = 4EEDE2F81C56D18D0007994F /* JsScripts.swift */; };
		4EEEAD6019FB891600956C56 /* WebViewController.swift in Sources */ = {isa = PBXBuildFile; fileRef = 4EEEAD5F19FB891500956C56 /* WebViewController.swift */; };
		4EEEAD6219FBD60E00956C56 /* EntriesPageViewController.swift in Sources */ = {isa = PBXBuildFile; fileRef = 4EEEAD6119FBD60E00956C56 /* EntriesPageViewController.swift */; };
		4EFA2F1F1C380CDF00BF3A09 /* ProgressHud.swift in Sources */ = {isa = PBXBuildFile; fileRef = 4EFA2F1E1C380CDF00BF3A09 /* ProgressHud.swift */; };
		4EFA2F211C381B0200BF3A09 /* CssRules.swift in Sources */ = {isa = PBXBuildFile; fileRef = 4EFA2F201C381B0200BF3A09 /* CssRules.swift */; };
		A875EA6EC1994DBCB7A401F5 /* libPods.a in Frameworks */ = {isa = PBXBuildFile; fileRef = 4DCF2C68A0C64F758B3366A1 /* libPods.a */; };
/* End PBXBuildFile section */

/* Begin PBXContainerItemProxy section */
		4E6ADB021975A05100D3C72C /* PBXContainerItemProxy */ = {
			isa = PBXContainerItemProxy;
			containerPortal = 4E6ADAE91975A05000D3C72C /* Project object */;
			proxyType = 1;
			remoteGlobalIDString = 4E6ADAF01975A05000D3C72C;
			remoteInfo = FeedlyClient;
		};
/* End PBXContainerItemProxy section */

/* Begin PBXFileReference section */
		2C5764085B34C158AD12C95F /* Pods.debug.xcconfig */ = {isa = PBXFileReference; includeInIndex = 1; lastKnownFileType = text.xcconfig; name = Pods.debug.xcconfig; path = "Pods/Target Support Files/Pods/Pods.debug.xcconfig"; sourceTree = "<group>"; };
		4DCF2C68A0C64F758B3366A1 /* libPods.a */ = {isa = PBXFileReference; explicitFileType = archive.ar; includeInIndex = 0; path = libPods.a; sourceTree = BUILT_PRODUCTS_DIR; };
		4E144C141C11E65300148DED /* Launch Screen.storyboard */ = {isa = PBXFileReference; fileEncoding = 4; lastKnownFileType = file.storyboard; path = "Launch Screen.storyboard"; sourceTree = "<group>"; };
		4E1504A91C7D0AF4003AD878 /* FeedlyMarkersRequests.swift */ = {isa = PBXFileReference; fileEncoding = 4; lastKnownFileType = sourcecode.swift; path = FeedlyMarkersRequests.swift; sourceTree = "<group>"; };
		4E1504AB1C81BCA0003AD878 /* Errors.swift */ = {isa = PBXFileReference; fileEncoding = 4; lastKnownFileType = sourcecode.swift; name = Errors.swift; path = CoreData/Errors.swift; sourceTree = "<group>"; };
		4E1504AE1C8AEFA9003AD878 /* SubscriptionsRefreshLogic.swift */ = {isa = PBXFileReference; fileEncoding = 4; lastKnownFileType = sourcecode.swift; name = SubscriptionsRefreshLogic.swift; path = Logic/SubscriptionsRefreshLogic.swift; sourceTree = "<group>"; };
		4E1504B01C8C54B9003AD878 /* StreamRefreshLogic.swift */ = {isa = PBXFileReference; fileEncoding = 4; lastKnownFileType = sourcecode.swift; name = StreamRefreshLogic.swift; path = Logic/StreamRefreshLogic.swift; sourceTree = "<group>"; };
		4E1504B21C8C61A5003AD878 /* StreamRefreshOptions.swift */ = {isa = PBXFileReference; fileEncoding = 4; lastKnownFileType = sourcecode.swift; path = StreamRefreshOptions.swift; sourceTree = "<group>"; };
		4E3162AC1A04FE6000E9E477 /* EntrySummaryParser.swift */ = {isa = PBXFileReference; fileEncoding = 4; lastKnownFileType = sourcecode.swift; name = EntrySummaryParser.swift; path = Parser/EntrySummaryParser.swift; sourceTree = "<group>"; };
		4E36590019D6C2A8001BEE78 /* KeychainData.swift */ = {isa = PBXFileReference; fileEncoding = 4; lastKnownFileType = sourcecode.swift; name = KeychainData.swift; path = Keychain/KeychainData.swift; sourceTree = "<group>"; };
		4E3F0CA719BC8A4F00E66E07 /* CategoriesViewController.swift */ = {isa = PBXFileReference; fileEncoding = 4; lastKnownFileType = sourcecode.swift; name = CategoriesViewController.swift; path = Views/CategoriesViewController.swift; sourceTree = "<group>"; };
		4E3F0CA919BC9A9F00E66E07 /* UIKit.framework */ = {isa = PBXFileReference; lastKnownFileType = wrapper.framework; name = UIKit.framework; path = System/Library/Frameworks/UIKit.framework; sourceTree = SDKROOT; };
		4E3F0CAB19BCD16300E66E07 /* Category.swift */ = {isa = PBXFileReference; fileEncoding = 4; lastKnownFileType = sourcecode.swift; name = Category.swift; path = CoreData/Category.swift; sourceTree = "<group>"; };
		4E3F0CAD19BCD16300E66E07 /* Subscription.swift */ = {isa = PBXFileReference; fileEncoding = 4; lastKnownFileType = sourcecode.swift; name = Subscription.swift; path = CoreData/Subscription.swift; sourceTree = "<group>"; };
		4E3F0CAF19BCD24B00E66E07 /* SubscriptionExtensions.swift */ = {isa = PBXFileReference; fileEncoding = 4; lastKnownFileType = sourcecode.swift; name = SubscriptionExtensions.swift; path = CoreData/SubscriptionExtensions.swift; sourceTree = "<group>"; };
		4E3F0CB119BCD25E00E66E07 /* CategoryExtensions.swift */ = {isa = PBXFileReference; fileEncoding = 4; lastKnownFileType = sourcecode.swift; name = CategoryExtensions.swift; path = CoreData/CategoryExtensions.swift; sourceTree = "<group>"; };
		4E3FAE701986EBAD007DF98D /* LoginViewController.swift */ = {isa = PBXFileReference; fileEncoding = 4; lastKnownFileType = sourcecode.swift; name = LoginViewController.swift; path = Api/Login/LoginViewController.swift; sourceTree = "<group>"; };
		4E3FAE711986EBAD007DF98D /* LoginViewController.xib */ = {isa = PBXFileReference; fileEncoding = 4; lastKnownFileType = file.xib; name = LoginViewController.xib; path = Api/Login/LoginViewController.xib; sourceTree = "<group>"; };
		4E456CFD19FBE36A00A8085A /* EntryPageContentViewController.swift */ = {isa = PBXFileReference; fileEncoding = 4; lastKnownFileType = sourcecode.swift; name = EntryPageContentViewController.swift; path = Views/EntryPageContentViewController.swift; sourceTree = "<group>"; };
		4E456D0219FCCB9200A8085A /* SettingsViewController.swift */ = {isa = PBXFileReference; fileEncoding = 4; lastKnownFileType = sourcecode.swift; name = SettingsViewController.swift; path = Views/Settings/SettingsViewController.swift; sourceTree = "<group>"; };
		4E476F9C19B6421D0010588D /* FeedlyClient.xcdatamodel */ = {isa = PBXFileReference; lastKnownFileType = wrapper.xcdatamodel; path = FeedlyClient.xcdatamodel; sourceTree = "<group>"; };
		4E51994219FD4A1E0036166F /* EntryTableViewCell.swift */ = {isa = PBXFileReference; fileEncoding = 4; lastKnownFileType = sourcecode.swift; name = EntryTableViewCell.swift; path = Views/Entries/Cells/EntryTableViewCell.swift; sourceTree = "<group>"; };
		4E6ADAF11975A05000D3C72C /* FeedlyClient.app */ = {isa = PBXFileReference; explicitFileType = wrapper.application; includeInIndex = 0; path = FeedlyClient.app; sourceTree = BUILT_PRODUCTS_DIR; };
		4E6ADAF51975A05000D3C72C /* Info.plist */ = {isa = PBXFileReference; lastKnownFileType = text.plist.xml; path = Info.plist; sourceTree = "<group>"; };
		4E6ADAF61975A05000D3C72C /* AppDelegate.swift */ = {isa = PBXFileReference; lastKnownFileType = sourcecode.swift; path = AppDelegate.swift; sourceTree = "<group>"; };
		4E6ADAFB1975A05000D3C72C /* Images.xcassets */ = {isa = PBXFileReference; lastKnownFileType = folder.assetcatalog; path = Images.xcassets; sourceTree = "<group>"; };
		4E6ADB011975A05100D3C72C /* FeedlyClientTests.xctest */ = {isa = PBXFileReference; explicitFileType = wrapper.cfbundle; includeInIndex = 0; path = FeedlyClientTests.xctest; sourceTree = BUILT_PRODUCTS_DIR; };
		4E6ADB061975A05100D3C72C /* Info.plist */ = {isa = PBXFileReference; lastKnownFileType = text.plist.xml; path = Info.plist; sourceTree = "<group>"; };
		4E6ADB071975A05100D3C72C /* FeedlyClientTests.swift */ = {isa = PBXFileReference; lastKnownFileType = sourcecode.swift; path = FeedlyClientTests.swift; sourceTree = "<group>"; };
		4E70E9D61A06A9D100ED5688 /* ImagesDownloader.swift */ = {isa = PBXFileReference; fileEncoding = 4; lastKnownFileType = sourcecode.swift; name = ImagesDownloader.swift; path = Downloader/ImagesDownloader.swift; sourceTree = "<group>"; };
		4E70E9D81A06C27F00ED5688 /* ImageIO.framework */ = {isa = PBXFileReference; lastKnownFileType = wrapper.framework; name = ImageIO.framework; path = System/Library/Frameworks/ImageIO.framework; sourceTree = SDKROOT; };
		4E757E7319A1C0AC00CEF5DD /* KeychainService.swift */ = {isa = PBXFileReference; fileEncoding = 4; lastKnownFileType = sourcecode.swift; path = KeychainService.swift; sourceTree = "<group>"; };
		4EA3FEDA199A9B8800B84C0F /* FeedlyClientError.swift */ = {isa = PBXFileReference; fileEncoding = 4; lastKnownFileType = sourcecode.swift; path = FeedlyClientError.swift; sourceTree = "<group>"; };
		4EA3FEDE199AA9FA00B84C0F /* Security.framework */ = {isa = PBXFileReference; lastKnownFileType = wrapper.framework; name = Security.framework; path = System/Library/Frameworks/Security.framework; sourceTree = SDKROOT; };
		4EC7A87319E9271C0072F3F0 /* Alerts.swift */ = {isa = PBXFileReference; fileEncoding = 4; lastKnownFileType = sourcecode.swift; name = Alerts.swift; path = Views/Alerts.swift; sourceTree = "<group>"; };
		4EC7A88119E976F70072F3F0 /* EntryContent.swift */ = {isa = PBXFileReference; fileEncoding = 4; lastKnownFileType = sourcecode.swift; name = EntryContent.swift; path = CoreData/EntryContent.swift; sourceTree = "<group>"; };
		4EC7A88319E976F80072F3F0 /* Entry.swift */ = {isa = PBXFileReference; fileEncoding = 4; lastKnownFileType = sourcecode.swift; name = Entry.swift; path = CoreData/Entry.swift; sourceTree = "<group>"; };
		4EC7A88519E976F80072F3F0 /* EntryVisual.swift */ = {isa = PBXFileReference; fileEncoding = 4; lastKnownFileType = sourcecode.swift; name = EntryVisual.swift; path = CoreData/EntryVisual.swift; sourceTree = "<group>"; };
		4EC7A88719E97C8C0072F3F0 /* EntryExtensions.swift */ = {isa = PBXFileReference; fileEncoding = 4; lastKnownFileType = sourcecode.swift; name = EntryExtensions.swift; path = CoreData/EntryExtensions.swift; sourceTree = "<group>"; };
		4ECDA7CD19B1A10D0025E2B8 /* WebKit.framework */ = {isa = PBXFileReference; lastKnownFileType = wrapper.framework; name = WebKit.framework; path = System/Library/Frameworks/WebKit.framework; sourceTree = SDKROOT; };
		4ECDA7CF19B1A87C0025E2B8 /* EntryViewController.swift */ = {isa = PBXFileReference; fileEncoding = 4; lastKnownFileType = sourcecode.swift; name = EntryViewController.swift; path = Views/EntryViewController.swift; sourceTree = "<group>"; };
		4ECDA7FA19B1A95E0025E2B8 /* FeedlyUserProfile.swift */ = {isa = PBXFileReference; fileEncoding = 4; lastKnownFileType = sourcecode.swift; name = FeedlyUserProfile.swift; path = Api/User/FeedlyUserProfile.swift; sourceTree = "<group>"; };
		4ECDA7FB19B1A95E0025E2B8 /* FeedlyUserAccessTokenInfo.swift */ = {isa = PBXFileReference; fileEncoding = 4; lastKnownFileType = sourcecode.swift; name = FeedlyUserAccessTokenInfo.swift; path = Api/User/FeedlyUserAccessTokenInfo.swift; sourceTree = "<group>"; };
		4ECDA7FC19B1A95E0025E2B8 /* FeedlyRefreshAccessToken.swift */ = {isa = PBXFileReference; fileEncoding = 4; lastKnownFileType = sourcecode.swift; name = FeedlyRefreshAccessToken.swift; path = Api/User/FeedlyRefreshAccessToken.swift; sourceTree = "<group>"; };
		4ECDA7FD19B1A95E0025E2B8 /* FeedlyUserProfileRequests.swift */ = {isa = PBXFileReference; fileEncoding = 4; lastKnownFileType = sourcecode.swift; name = FeedlyUserProfileRequests.swift; path = Api/User/FeedlyUserProfileRequests.swift; sourceTree = "<group>"; };
		4ECDA7FE19B1A95E0025E2B8 /* FeedlyAuthenticationRequests.swift */ = {isa = PBXFileReference; fileEncoding = 4; lastKnownFileType = sourcecode.swift; name = FeedlyAuthenticationRequests.swift; path = Api/User/FeedlyAuthenticationRequests.swift; sourceTree = "<group>"; };
		4ECDA7FF19B1A95E0025E2B8 /* FeedlyAuthParameters.swift */ = {isa = PBXFileReference; fileEncoding = 4; lastKnownFileType = sourcecode.swift; name = FeedlyAuthParameters.swift; path = Api/User/FeedlyAuthParameters.swift; sourceTree = "<group>"; };
		4ECDA80619B1A9D40025E2B8 /* FeedlyEntriesRequests.swift */ = {isa = PBXFileReference; fileEncoding = 4; lastKnownFileType = sourcecode.swift; name = FeedlyEntriesRequests.swift; path = Api/Entries/FeedlyEntriesRequests.swift; sourceTree = "<group>"; };
		4ECDA80719B1A9D40025E2B8 /* FeedlyEntryVisual.swift */ = {isa = PBXFileReference; fileEncoding = 4; lastKnownFileType = sourcecode.swift; name = FeedlyEntryVisual.swift; path = Api/Entries/FeedlyEntryVisual.swift; sourceTree = "<group>"; };
		4ECDA80819B1A9D40025E2B8 /* FeedlyEntryOrigin.swift */ = {isa = PBXFileReference; fileEncoding = 4; lastKnownFileType = sourcecode.swift; name = FeedlyEntryOrigin.swift; path = Api/Entries/FeedlyEntryOrigin.swift; sourceTree = "<group>"; };
		4ECDA80919B1A9D40025E2B8 /* FeedlyEntryLink.swift */ = {isa = PBXFileReference; fileEncoding = 4; lastKnownFileType = sourcecode.swift; name = FeedlyEntryLink.swift; path = Api/Entries/FeedlyEntryLink.swift; sourceTree = "<group>"; };
		4ECDA80A19B1A9D40025E2B8 /* FeedlyEntryContent.swift */ = {isa = PBXFileReference; fileEncoding = 4; lastKnownFileType = sourcecode.swift; name = FeedlyEntryContent.swift; path = Api/Entries/FeedlyEntryContent.swift; sourceTree = "<group>"; };
		4ECDA80B19B1A9D40025E2B8 /* FeedlyEntry.swift */ = {isa = PBXFileReference; fileEncoding = 4; lastKnownFileType = sourcecode.swift; name = FeedlyEntry.swift; path = Api/Entries/FeedlyEntry.swift; sourceTree = "<group>"; };
		4ECDA81219B1AB5D0025E2B8 /* FeedlyStreamSearchOptions.swift */ = {isa = PBXFileReference; fileEncoding = 4; lastKnownFileType = sourcecode.swift; name = FeedlyStreamSearchOptions.swift; path = Api/Streams/FeedlyStreamSearchOptions.swift; sourceTree = "<group>"; };
		4ECDA81319B1AB5D0025E2B8 /* FeedlyStream.swift */ = {isa = PBXFileReference; fileEncoding = 4; lastKnownFileType = sourcecode.swift; name = FeedlyStream.swift; path = Api/Streams/FeedlyStream.swift; sourceTree = "<group>"; };
		4ECDA81419B1AB5D0025E2B8 /* FeedlyStreamsRequests.swift */ = {isa = PBXFileReference; fileEncoding = 4; lastKnownFileType = sourcecode.swift; name = FeedlyStreamsRequests.swift; path = Api/Streams/FeedlyStreamsRequests.swift; sourceTree = "<group>"; };
		4ECDA81A19B1ABDF0025E2B8 /* FeedlyCategoriesRequests.swift */ = {isa = PBXFileReference; fileEncoding = 4; lastKnownFileType = sourcecode.swift; name = FeedlyCategoriesRequests.swift; path = Api/Categories/FeedlyCategoriesRequests.swift; sourceTree = "<group>"; };
		4ECDA81B19B1ABDF0025E2B8 /* FeedlyCategory.swift */ = {isa = PBXFileReference; fileEncoding = 4; lastKnownFileType = sourcecode.swift; name = FeedlyCategory.swift; path = Api/Categories/FeedlyCategory.swift; sourceTree = "<group>"; };
		4ECDA81F19B1AC100025E2B8 /* FeedlySubscription.swift */ = {isa = PBXFileReference; fileEncoding = 4; lastKnownFileType = sourcecode.swift; name = FeedlySubscription.swift; path = Api/Subscriptions/FeedlySubscription.swift; sourceTree = "<group>"; };
		4ECDA82019B1AC100025E2B8 /* FeedlySubcriptionsRequests.swift */ = {isa = PBXFileReference; fileEncoding = 4; lastKnownFileType = sourcecode.swift; name = FeedlySubcriptionsRequests.swift; path = Api/Subscriptions/FeedlySubcriptionsRequests.swift; sourceTree = "<group>"; };
		4ECDA82319B38C1C0025E2B8 /* FeedlyUserLogin.swift */ = {isa = PBXFileReference; fileEncoding = 4; lastKnownFileType = sourcecode.swift; name = FeedlyUserLogin.swift; path = Api/Login/FeedlyUserLogin.swift; sourceTree = "<group>"; };
		4ECDA82719B392070025E2B8 /* CategoryEntriesTableViewController.swift */ = {isa = PBXFileReference; fileEncoding = 4; lastKnownFileType = sourcecode.swift; name = CategoryEntriesTableViewController.swift; path = Views/CategoryEntriesTableViewController.swift; sourceTree = "<group>"; };
		4ECDA82C19B3B2E80025E2B8 /* SearchOptions.swift */ = {isa = PBXFileReference; fileEncoding = 4; lastKnownFileType = sourcecode.swift; name = SearchOptions.swift; path = Api/Search/SearchOptions.swift; sourceTree = "<group>"; };
		4ECDA82E19B3B3760025E2B8 /* FeedlyFeedsSearch.swift */ = {isa = PBXFileReference; fileEncoding = 4; lastKnownFileType = sourcecode.swift; name = FeedlyFeedsSearch.swift; path = Api/Search/FeedlyFeedsSearch.swift; sourceTree = "<group>"; };
		4ED18CEB197EE4B900EA7522 /* Constants.swift */ = {isa = PBXFileReference; fileEncoding = 4; lastKnownFileType = sourcecode.swift; path = Constants.swift; sourceTree = "<group>"; };
		4ED6221119B97A28001CFA68 /* UniversalStoryboard.storyboard */ = {isa = PBXFileReference; fileEncoding = 4; lastKnownFileType = file.storyboard; path = UniversalStoryboard.storyboard; sourceTree = "<group>"; };
		4EDD1C0E1975C530004C346D /* bridge.h */ = {isa = PBXFileReference; fileEncoding = 4; lastKnownFileType = sourcecode.c.h; path = bridge.h; sourceTree = "<group>"; };
		4EEDE2F81C56D18D0007994F /* JsScripts.swift */ = {isa = PBXFileReference; fileEncoding = 4; lastKnownFileType = sourcecode.swift; path = JsScripts.swift; sourceTree = "<group>"; };
		4EEEAD5F19FB891500956C56 /* WebViewController.swift */ = {isa = PBXFileReference; fileEncoding = 4; lastKnownFileType = sourcecode.swift; name = WebViewController.swift; path = Views/WebViewController.swift; sourceTree = "<group>"; };
		4EEEAD6119FBD60E00956C56 /* EntriesPageViewController.swift */ = {isa = PBXFileReference; fileEncoding = 4; lastKnownFileType = sourcecode.swift; name = EntriesPageViewController.swift; path = Views/EntriesPageViewController.swift; sourceTree = "<group>"; };
		4EFA2F1E1C380CDF00BF3A09 /* ProgressHud.swift */ = {isa = PBXFileReference; fileEncoding = 4; lastKnownFileType = sourcecode.swift; name = ProgressHud.swift; path = Views/ProgressHud.swift; sourceTree = "<group>"; };
		4EFA2F201C381B0200BF3A09 /* CssRules.swift */ = {isa = PBXFileReference; fileEncoding = 4; lastKnownFileType = sourcecode.swift; path = CssRules.swift; sourceTree = "<group>"; };
		BE406C8FD8ED71A92753A363 /* Pods.release.xcconfig */ = {isa = PBXFileReference; includeInIndex = 1; lastKnownFileType = text.xcconfig; name = Pods.release.xcconfig; path = "Pods/Target Support Files/Pods/Pods.release.xcconfig"; sourceTree = "<group>"; };
/* End PBXFileReference section */

/* Begin PBXFrameworksBuildPhase section */
		4E6ADAEE1975A05000D3C72C /* Frameworks */ = {
			isa = PBXFrameworksBuildPhase;
			buildActionMask = 2147483647;
			files = (
				4E70E9D91A06C27F00ED5688 /* ImageIO.framework in Frameworks */,
				4E3F0CAA19BC9A9F00E66E07 /* UIKit.framework in Frameworks */,
				4ECDA7CE19B1A10D0025E2B8 /* WebKit.framework in Frameworks */,
				4EA3FEDF199AA9FA00B84C0F /* Security.framework in Frameworks */,
				A875EA6EC1994DBCB7A401F5 /* libPods.a in Frameworks */,
			);
			runOnlyForDeploymentPostprocessing = 0;
		};
		4E6ADAFE1975A05100D3C72C /* Frameworks */ = {
			isa = PBXFrameworksBuildPhase;
			buildActionMask = 2147483647;
			files = (
			);
			runOnlyForDeploymentPostprocessing = 0;
		};
/* End PBXFrameworksBuildPhase section */

/* Begin PBXGroup section */
		4E0FFD3419A8D8EF00B94672 /* Streams */ = {
			isa = PBXGroup;
			children = (
				4ECDA81219B1AB5D0025E2B8 /* FeedlyStreamSearchOptions.swift */,
				4ECDA81319B1AB5D0025E2B8 /* FeedlyStream.swift */,
				4ECDA81419B1AB5D0025E2B8 /* FeedlyStreamsRequests.swift */,
			);
			name = Streams;
			sourceTree = "<group>";
		};
		4E0FFD3519A8DBBC00B94672 /* User */ = {
			isa = PBXGroup;
			children = (
				4ECDA7FA19B1A95E0025E2B8 /* FeedlyUserProfile.swift */,
				4ECDA7FB19B1A95E0025E2B8 /* FeedlyUserAccessTokenInfo.swift */,
				4ECDA7FC19B1A95E0025E2B8 /* FeedlyRefreshAccessToken.swift */,
				4ECDA7FD19B1A95E0025E2B8 /* FeedlyUserProfileRequests.swift */,
				4ECDA7FE19B1A95E0025E2B8 /* FeedlyAuthenticationRequests.swift */,
				4ECDA7FF19B1A95E0025E2B8 /* FeedlyAuthParameters.swift */,
			);
			name = User;
			sourceTree = "<group>";
		};
		4E1504A81C7D0A96003AD878 /* Markers */ = {
			isa = PBXGroup;
			children = (
				4E1504A91C7D0AF4003AD878 /* FeedlyMarkersRequests.swift */,
			);
			name = Markers;
			sourceTree = "<group>";
		};
		4E1504AD1C8AEDA4003AD878 /* Logic */ = {
			isa = PBXGroup;
			children = (
				4E3162AB1A04FCBF00E9E477 /* Parser */,
				4E70E9D51A06A90E00ED5688 /* Downloader */,
				4E1504AE1C8AEFA9003AD878 /* SubscriptionsRefreshLogic.swift */,
				4E1504B01C8C54B9003AD878 /* StreamRefreshLogic.swift */,
				4E1504B21C8C61A5003AD878 /* StreamRefreshOptions.swift */,
			);
			name = Logic;
			sourceTree = "<group>";
		};
		4E254AB719E1CFBB00B7938C /* Settings */ = {
			isa = PBXGroup;
			children = (
				4E456D0219FCCB9200A8085A /* SettingsViewController.swift */,
			);
			name = Settings;
			sourceTree = "<group>";
		};
		4E3162AB1A04FCBF00E9E477 /* Parser */ = {
			isa = PBXGroup;
			children = (
				4E3162AC1A04FE6000E9E477 /* EntrySummaryParser.swift */,
			);
			name = Parser;
			sourceTree = "<group>";
		};
		4E352D8E19AA724C00C29F99 /* Entries */ = {
			isa = PBXGroup;
			children = (
				4ECDA80619B1A9D40025E2B8 /* FeedlyEntriesRequests.swift */,
				4ECDA80719B1A9D40025E2B8 /* FeedlyEntryVisual.swift */,
				4ECDA80819B1A9D40025E2B8 /* FeedlyEntryOrigin.swift */,
				4ECDA80919B1A9D40025E2B8 /* FeedlyEntryLink.swift */,
				4ECDA80A19B1A9D40025E2B8 /* FeedlyEntryContent.swift */,
				4ECDA80B19B1A9D40025E2B8 /* FeedlyEntry.swift */,
			);
			name = Entries;
			sourceTree = "<group>";
		};
		4E36590219D6C2BD001BEE78 /* Keychain */ = {
			isa = PBXGroup;
			children = (
				4E757E7319A1C0AC00CEF5DD /* KeychainService.swift */,
				4E36590019D6C2A8001BEE78 /* KeychainData.swift */,
			);
			name = Keychain;
			sourceTree = "<group>";
		};
		4E3FAE6F1986C137007DF98D /* Login */ = {
			isa = PBXGroup;
			children = (
				4E3FAE701986EBAD007DF98D /* LoginViewController.swift */,
				4E3FAE711986EBAD007DF98D /* LoginViewController.xib */,
				4ECDA82319B38C1C0025E2B8 /* FeedlyUserLogin.swift */,
			);
			name = Login;
			sourceTree = "<group>";
		};
		4E456D0419FCCB9D00A8085A /* Entries */ = {
			isa = PBXGroup;
			children = (
				4EF9422E1A2A769A00C637B0 /* PageView */,
				4E456D0519FCCD2E00A8085A /* Cells */,
				4ECDA7CF19B1A87C0025E2B8 /* EntryViewController.swift */,
				4ECDA82719B392070025E2B8 /* CategoryEntriesTableViewController.swift */,
			);
			name = Entries;
			sourceTree = "<group>";
		};
		4E456D0519FCCD2E00A8085A /* Cells */ = {
			isa = PBXGroup;
			children = (
				4E51994219FD4A1E0036166F /* EntryTableViewCell.swift */,
			);
			name = Cells;
			sourceTree = "<group>";
		};
		4E6ADAE81975A05000D3C72C = {
			isa = PBXGroup;
			children = (
				4E6ADAF31975A05000D3C72C /* FeedlyClient */,
				4E6ADB041975A05100D3C72C /* FeedlyClientTests */,
				4E6ADAF21975A05000D3C72C /* Products */,
				A8596F41331E496D9BBDBFC8 /* Frameworks */,
				95A1318457FD940C33947F8E /* Pods */,
			);
			sourceTree = "<group>";
		};
		4E6ADAF21975A05000D3C72C /* Products */ = {
			isa = PBXGroup;
			children = (
				4E6ADAF11975A05000D3C72C /* FeedlyClient.app */,
				4E6ADB011975A05100D3C72C /* FeedlyClientTests.xctest */,
			);
			name = Products;
			sourceTree = "<group>";
		};
		4E6ADAF31975A05000D3C72C /* FeedlyClient */ = {
			isa = PBXGroup;
			children = (
				4E1504AD1C8AEDA4003AD878 /* Logic */,
				4EFFAE7D19916EE60031B5F0 /* CoreData */,
				4EDD1C0C1975A349004C346D /* Api */,
				4E36590219D6C2BD001BEE78 /* Keychain */,
				4EDD1C0D1975A365004C346D /* Views */,
				4E6ADAF61975A05000D3C72C /* AppDelegate.swift */,
				4E6ADAFB1975A05000D3C72C /* Images.xcassets */,
				4E6ADAF41975A05000D3C72C /* Supporting Files */,
				4ED6221119B97A28001CFA68 /* UniversalStoryboard.storyboard */,
				4EA3FEDA199A9B8800B84C0F /* FeedlyClientError.swift */,
				4EDD1C0E1975C530004C346D /* bridge.h */,
				4E144C141C11E65300148DED /* Launch Screen.storyboard */,
			);
			path = FeedlyClient;
			sourceTree = "<group>";
		};
		4E6ADAF41975A05000D3C72C /* Supporting Files */ = {
			isa = PBXGroup;
			children = (
				4E6ADAF51975A05000D3C72C /* Info.plist */,
			);
			name = "Supporting Files";
			sourceTree = "<group>";
		};
		4E6ADB041975A05100D3C72C /* FeedlyClientTests */ = {
			isa = PBXGroup;
			children = (
				4E6ADB071975A05100D3C72C /* FeedlyClientTests.swift */,
				4E6ADB051975A05100D3C72C /* Supporting Files */,
			);
			path = FeedlyClientTests;
			sourceTree = "<group>";
		};
		4E6ADB051975A05100D3C72C /* Supporting Files */ = {
			isa = PBXGroup;
			children = (
				4E6ADB061975A05100D3C72C /* Info.plist */,
			);
			name = "Supporting Files";
			sourceTree = "<group>";
		};
		4E70E9D51A06A90E00ED5688 /* Downloader */ = {
			isa = PBXGroup;
			children = (
				4E70E9D61A06A9D100ED5688 /* ImagesDownloader.swift */,
			);
			name = Downloader;
			sourceTree = "<group>";
		};
		4E9F4F071A2A6F9C004043AE /* Categories */ = {
			isa = PBXGroup;
			children = (
				4E3F0CA719BC8A4F00E66E07 /* CategoriesViewController.swift */,
			);
			name = Categories;
			sourceTree = "<group>";
		};
		4ECDA81919B1AB9C0025E2B8 /* Categories */ = {
			isa = PBXGroup;
			children = (
				4ECDA81A19B1ABDF0025E2B8 /* FeedlyCategoriesRequests.swift */,
				4ECDA81B19B1ABDF0025E2B8 /* FeedlyCategory.swift */,
			);
			name = Categories;
			sourceTree = "<group>";
		};
		4ECDA81E19B1ABEF0025E2B8 /* Subscriptions */ = {
			isa = PBXGroup;
			children = (
				4ECDA81F19B1AC100025E2B8 /* FeedlySubscription.swift */,
				4ECDA82019B1AC100025E2B8 /* FeedlySubcriptionsRequests.swift */,
			);
			name = Subscriptions;
			sourceTree = "<group>";
		};
		4ECDA82B19B3B2B30025E2B8 /* Search */ = {
			isa = PBXGroup;
			children = (
				4ECDA82C19B3B2E80025E2B8 /* SearchOptions.swift */,
				4ECDA82E19B3B3760025E2B8 /* FeedlyFeedsSearch.swift */,
			);
			name = Search;
			sourceTree = "<group>";
		};
		4EDD1C0C1975A349004C346D /* Api */ = {
			isa = PBXGroup;
			children = (
				4E1504A81C7D0A96003AD878 /* Markers */,
				4E3FAE6F1986C137007DF98D /* Login */,
				4ECDA81919B1AB9C0025E2B8 /* Categories */,
				4E0FFD3519A8DBBC00B94672 /* User */,
				4E352D8E19AA724C00C29F99 /* Entries */,
				4E0FFD3419A8D8EF00B94672 /* Streams */,
				4ECDA81E19B1ABEF0025E2B8 /* Subscriptions */,
				4ECDA82B19B3B2B30025E2B8 /* Search */,
				4ED18CEB197EE4B900EA7522 /* Constants.swift */,
			);
			name = Api;
			sourceTree = "<group>";
		};
		4EDD1C0D1975A365004C346D /* Views */ = {
			isa = PBXGroup;
			children = (
				4E9F4F071A2A6F9C004043AE /* Categories */,
				4E456D0419FCCB9D00A8085A /* Entries */,
				4E254AB719E1CFBB00B7938C /* Settings */,
				4EC7A87319E9271C0072F3F0 /* Alerts.swift */,
				4EFA2F1E1C380CDF00BF3A09 /* ProgressHud.swift */,
			);
			name = Views;
			sourceTree = "<group>";
		};
		4EF9422E1A2A769A00C637B0 /* PageView */ = {
			isa = PBXGroup;
			children = (
				4E456CFD19FBE36A00A8085A /* EntryPageContentViewController.swift */,
				4EEEAD6119FBD60E00956C56 /* EntriesPageViewController.swift */,
				4EEEAD5F19FB891500956C56 /* WebViewController.swift */,
				4EFA2F201C381B0200BF3A09 /* CssRules.swift */,
				4EEDE2F81C56D18D0007994F /* JsScripts.swift */,
			);
			name = PageView;
			sourceTree = "<group>";
		};
		4EFFAE7D19916EE60031B5F0 /* CoreData */ = {
			isa = PBXGroup;
			children = (
				4EC7A88519E976F80072F3F0 /* EntryVisual.swift */,
				4EC7A88319E976F80072F3F0 /* Entry.swift */,
				4EC7A88119E976F70072F3F0 /* EntryContent.swift */,
				4E476F9B19B6421D0010588D /* FeedlyClient.xcdatamodeld */,
				4E3F0CAD19BCD16300E66E07 /* Subscription.swift */,
				4E3F0CAB19BCD16300E66E07 /* Category.swift */,
				4E3F0CAF19BCD24B00E66E07 /* SubscriptionExtensions.swift */,
				4E3F0CB119BCD25E00E66E07 /* CategoryExtensions.swift */,
				4EC7A88719E97C8C0072F3F0 /* EntryExtensions.swift */,
				4E1504AB1C81BCA0003AD878 /* Errors.swift */,
			);
			name = CoreData;
			sourceTree = "<group>";
		};
		95A1318457FD940C33947F8E /* Pods */ = {
			isa = PBXGroup;
			children = (
				2C5764085B34C158AD12C95F /* Pods.debug.xcconfig */,
				BE406C8FD8ED71A92753A363 /* Pods.release.xcconfig */,
			);
			name = Pods;
			sourceTree = "<group>";
		};
		A8596F41331E496D9BBDBFC8 /* Frameworks */ = {
			isa = PBXGroup;
			children = (
				4E70E9D81A06C27F00ED5688 /* ImageIO.framework */,
				4E3F0CA919BC9A9F00E66E07 /* UIKit.framework */,
				4ECDA7CD19B1A10D0025E2B8 /* WebKit.framework */,
				4EA3FEDE199AA9FA00B84C0F /* Security.framework */,
				4DCF2C68A0C64F758B3366A1 /* libPods.a */,
			);
			name = Frameworks;
			sourceTree = "<group>";
		};
/* End PBXGroup section */

/* Begin PBXNativeTarget section */
		4E6ADAF01975A05000D3C72C /* FeedlyClient */ = {
			isa = PBXNativeTarget;
			buildConfigurationList = 4E6ADB0B1975A05100D3C72C /* Build configuration list for PBXNativeTarget "FeedlyClient" */;
			buildPhases = (
				51EA94B3794542D096939FF4 /* Check Pods Manifest.lock */,
				4E6ADAED1975A05000D3C72C /* Sources */,
				4E6ADAEE1975A05000D3C72C /* Frameworks */,
				4E6ADAEF1975A05000D3C72C /* Resources */,
				4F896443C6AB47BBA8FA88CF /* Copy Pods Resources */,
				60B1E62149FC92277C61A17A /* Embed Pods Frameworks */,
			);
			buildRules = (
			);
			dependencies = (
			);
			name = FeedlyClient;
			productName = FeedlyClient;
			productReference = 4E6ADAF11975A05000D3C72C /* FeedlyClient.app */;
			productType = "com.apple.product-type.application";
		};
		4E6ADB001975A05100D3C72C /* FeedlyClientTests */ = {
			isa = PBXNativeTarget;
			buildConfigurationList = 4E6ADB0E1975A05100D3C72C /* Build configuration list for PBXNativeTarget "FeedlyClientTests" */;
			buildPhases = (
				4E6ADAFD1975A05100D3C72C /* Sources */,
				4E6ADAFE1975A05100D3C72C /* Frameworks */,
				4E6ADAFF1975A05100D3C72C /* Resources */,
			);
			buildRules = (
			);
			dependencies = (
				4E6ADB031975A05100D3C72C /* PBXTargetDependency */,
			);
			name = FeedlyClientTests;
			productName = FeedlyClientTests;
			productReference = 4E6ADB011975A05100D3C72C /* FeedlyClientTests.xctest */;
			productType = "com.apple.product-type.bundle.unit-test";
		};
/* End PBXNativeTarget section */

/* Begin PBXProject section */
		4E6ADAE91975A05000D3C72C /* Project object */ = {
			isa = PBXProject;
			attributes = {
				LastSwiftUpdateCheck = 0710;
				LastUpgradeCheck = 0710;
				ORGANIZATIONNAME = "Florin Munteanu";
				TargetAttributes = {
					4E6ADAF01975A05000D3C72C = {
						CreatedOnToolsVersion = 6.0;
						DevelopmentTeam = R7H8HFB8JC;
					};
					4E6ADB001975A05100D3C72C = {
						CreatedOnToolsVersion = 6.0;
						TestTargetID = 4E6ADAF01975A05000D3C72C;
					};
				};
			};
			buildConfigurationList = 4E6ADAEC1975A05000D3C72C /* Build configuration list for PBXProject "FeedlyClient" */;
			compatibilityVersion = "Xcode 3.2";
			developmentRegion = English;
			hasScannedForEncodings = 0;
			knownRegions = (
				en,
			);
			mainGroup = 4E6ADAE81975A05000D3C72C;
			productRefGroup = 4E6ADAF21975A05000D3C72C /* Products */;
			projectDirPath = "";
			projectRoot = "";
			targets = (
				4E6ADAF01975A05000D3C72C /* FeedlyClient */,
				4E6ADB001975A05100D3C72C /* FeedlyClientTests */,
			);
		};
/* End PBXProject section */

/* Begin PBXResourcesBuildPhase section */
		4E6ADAEF1975A05000D3C72C /* Resources */ = {
			isa = PBXResourcesBuildPhase;
			buildActionMask = 2147483647;
			files = (
				4E144C151C11E65300148DED /* Launch Screen.storyboard in Resources */,
				4E6ADAFC1975A05000D3C72C /* Images.xcassets in Resources */,
				4E3FAE731986EBAD007DF98D /* LoginViewController.xib in Resources */,
				4ED6221219B97A28001CFA68 /* UniversalStoryboard.storyboard in Resources */,
			);
			runOnlyForDeploymentPostprocessing = 0;
		};
		4E6ADAFF1975A05100D3C72C /* Resources */ = {
			isa = PBXResourcesBuildPhase;
			buildActionMask = 2147483647;
			files = (
			);
			runOnlyForDeploymentPostprocessing = 0;
		};
/* End PBXResourcesBuildPhase section */

/* Begin PBXShellScriptBuildPhase section */
		4F896443C6AB47BBA8FA88CF /* Copy Pods Resources */ = {
			isa = PBXShellScriptBuildPhase;
			buildActionMask = 2147483647;
			files = (
			);
			inputPaths = (
			);
			name = "Copy Pods Resources";
			outputPaths = (
			);
			runOnlyForDeploymentPostprocessing = 0;
			shellPath = /bin/sh;
			shellScript = "\"${SRCROOT}/Pods/Target Support Files/Pods/Pods-resources.sh\"\n";
			showEnvVarsInLog = 0;
		};
		51EA94B3794542D096939FF4 /* Check Pods Manifest.lock */ = {
			isa = PBXShellScriptBuildPhase;
			buildActionMask = 2147483647;
			files = (
			);
			inputPaths = (
			);
			name = "Check Pods Manifest.lock";
			outputPaths = (
			);
			runOnlyForDeploymentPostprocessing = 0;
			shellPath = /bin/sh;
			shellScript = "diff \"${PODS_ROOT}/../Podfile.lock\" \"${PODS_ROOT}/Manifest.lock\" > /dev/null\nif [[ $? != 0 ]] ; then\n    cat << EOM\nerror: The sandbox is not in sync with the Podfile.lock. Run 'pod install' or update your CocoaPods installation.\nEOM\n    exit 1\nfi\n";
			showEnvVarsInLog = 0;
		};
		60B1E62149FC92277C61A17A /* Embed Pods Frameworks */ = {
			isa = PBXShellScriptBuildPhase;
			buildActionMask = 2147483647;
			files = (
			);
			inputPaths = (
			);
			name = "Embed Pods Frameworks";
			outputPaths = (
			);
			runOnlyForDeploymentPostprocessing = 0;
			shellPath = /bin/sh;
			shellScript = "\"${SRCROOT}/Pods/Target Support Files/Pods/Pods-frameworks.sh\"\n";
			showEnvVarsInLog = 0;
		};
/* End PBXShellScriptBuildPhase section */

/* Begin PBXSourcesBuildPhase section */
		4E6ADAED1975A05000D3C72C /* Sources */ = {
			isa = PBXSourcesBuildPhase;
			buildActionMask = 2147483647;
			files = (
				4EC7A88419E976F80072F3F0 /* Entry.swift in Sources */,
				4EA3FEDB199A9B8800B84C0F /* FeedlyClientError.swift in Sources */,
				4ECDA82F19B3B3760025E2B8 /* FeedlyFeedsSearch.swift in Sources */,
				4ECDA81519B1AB5D0025E2B8 /* FeedlyStreamSearchOptions.swift in Sources */,
				4ECDA80D19B1A9D40025E2B8 /* FeedlyEntryVisual.swift in Sources */,
				4ECDA81619B1AB5D0025E2B8 /* FeedlyStream.swift in Sources */,
				4E3FAE721986EBAD007DF98D /* LoginViewController.swift in Sources */,
				4E3F0CAE19BCD16300E66E07 /* Subscription.swift in Sources */,
				4E3F0CAC19BCD16300E66E07 /* Category.swift in Sources */,
				4E1504B11C8C54B9003AD878 /* StreamRefreshLogic.swift in Sources */,
				4ECDA81119B1A9D40025E2B8 /* FeedlyEntry.swift in Sources */,
				4ECDA82819B392070025E2B8 /* CategoryEntriesTableViewController.swift in Sources */,
				4E6ADAF71975A05000D3C72C /* AppDelegate.swift in Sources */,
				4ECDA7D019B1A87C0025E2B8 /* EntryViewController.swift in Sources */,
				4EC7A88219E976F70072F3F0 /* EntryContent.swift in Sources */,
				4E3F0CB019BCD24B00E66E07 /* SubscriptionExtensions.swift in Sources */,
				4ECDA80F19B1A9D40025E2B8 /* FeedlyEntryLink.swift in Sources */,
				4E1504AF1C8AEFA9003AD878 /* SubscriptionsRefreshLogic.swift in Sources */,
				4E3F0CB219BCD25E00E66E07 /* CategoryExtensions.swift in Sources */,
				4ECDA80E19B1A9D40025E2B8 /* FeedlyEntryOrigin.swift in Sources */,
				4ECDA81C19B1ABDF0025E2B8 /* FeedlyCategoriesRequests.swift in Sources */,
				4EFA2F211C381B0200BF3A09 /* CssRules.swift in Sources */,
				4ECDA80519B1A95E0025E2B8 /* FeedlyAuthParameters.swift in Sources */,
				4ECDA80419B1A95E0025E2B8 /* FeedlyAuthenticationRequests.swift in Sources */,
				4ECDA80219B1A95E0025E2B8 /* FeedlyRefreshAccessToken.swift in Sources */,
				4ECDA82D19B3B2E80025E2B8 /* SearchOptions.swift in Sources */,
				4E1504AC1C81BCA0003AD878 /* Errors.swift in Sources */,
				4E3F0CA819BC8A4F00E66E07 /* CategoriesViewController.swift in Sources */,
				4E476F9D19B6421D0010588D /* FeedlyClient.xcdatamodeld in Sources */,
				4E456D0319FCCB9200A8085A /* SettingsViewController.swift in Sources */,
				4EFA2F1F1C380CDF00BF3A09 /* ProgressHud.swift in Sources */,
				4E36590119D6C2A8001BEE78 /* KeychainData.swift in Sources */,
				4ECDA80119B1A95E0025E2B8 /* FeedlyUserAccessTokenInfo.swift in Sources */,
				4EEEAD6019FB891600956C56 /* WebViewController.swift in Sources */,
				4EC7A87419E9271C0072F3F0 /* Alerts.swift in Sources */,
				4E1504AA1C7D0AF4003AD878 /* FeedlyMarkersRequests.swift in Sources */,
				4E1504B31C8C61A5003AD878 /* StreamRefreshOptions.swift in Sources */,
				4ECDA82219B1AC100025E2B8 /* FeedlySubcriptionsRequests.swift in Sources */,
				4E3162AD1A04FE6000E9E477 /* EntrySummaryParser.swift in Sources */,
				4EC7A88819E97C8C0072F3F0 /* EntryExtensions.swift in Sources */,
				4ECDA82419B38C1C0025E2B8 /* FeedlyUserLogin.swift in Sources */,
				4ECDA82119B1AC100025E2B8 /* FeedlySubscription.swift in Sources */,
				4EC7A88619E976F80072F3F0 /* EntryVisual.swift in Sources */,
				4ECDA80319B1A95E0025E2B8 /* FeedlyUserProfileRequests.swift in Sources */,
				4ECDA80019B1A95E0025E2B8 /* FeedlyUserProfile.swift in Sources */,
				4E757E7419A1C0AC00CEF5DD /* KeychainService.swift in Sources */,
				4E456CFE19FBE36A00A8085A /* EntryPageContentViewController.swift in Sources */,
				4EEDE2F91C56D18D0007994F /* JsScripts.swift in Sources */,
				4ECDA81719B1AB5D0025E2B8 /* FeedlyStreamsRequests.swift in Sources */,
				4ED18CEC197EE4B900EA7522 /* Constants.swift in Sources */,
				4E51994319FD4A1E0036166F /* EntryTableViewCell.swift in Sources */,
				4ECDA81019B1A9D40025E2B8 /* FeedlyEntryContent.swift in Sources */,
				4EEEAD6219FBD60E00956C56 /* EntriesPageViewController.swift in Sources */,
				4ECDA81D19B1ABDF0025E2B8 /* FeedlyCategory.swift in Sources */,
				4ECDA80C19B1A9D40025E2B8 /* FeedlyEntriesRequests.swift in Sources */,
				4E70E9D71A06A9D100ED5688 /* ImagesDownloader.swift in Sources */,
			);
			runOnlyForDeploymentPostprocessing = 0;
		};
		4E6ADAFD1975A05100D3C72C /* Sources */ = {
			isa = PBXSourcesBuildPhase;
			buildActionMask = 2147483647;
			files = (
				4E6ADB081975A05100D3C72C /* FeedlyClientTests.swift in Sources */,
			);
			runOnlyForDeploymentPostprocessing = 0;
		};
/* End PBXSourcesBuildPhase section */

/* Begin PBXTargetDependency section */
		4E6ADB031975A05100D3C72C /* PBXTargetDependency */ = {
			isa = PBXTargetDependency;
			target = 4E6ADAF01975A05000D3C72C /* FeedlyClient */;
			targetProxy = 4E6ADB021975A05100D3C72C /* PBXContainerItemProxy */;
		};
/* End PBXTargetDependency section */

/* Begin XCBuildConfiguration section */
		4E6ADB091975A05100D3C72C /* Debug */ = {
			isa = XCBuildConfiguration;
			buildSettings = {
				ALWAYS_SEARCH_USER_PATHS = NO;
				CLANG_CXX_LANGUAGE_STANDARD = "gnu++0x";
				CLANG_CXX_LIBRARY = "libc++";
				CLANG_ENABLE_MODULES = YES;
				CLANG_ENABLE_OBJC_ARC = YES;
				CLANG_WARN_BOOL_CONVERSION = YES;
				CLANG_WARN_CONSTANT_CONVERSION = YES;
				CLANG_WARN_DIRECT_OBJC_ISA_USAGE = YES_ERROR;
				CLANG_WARN_EMPTY_BODY = YES;
				CLANG_WARN_ENUM_CONVERSION = YES;
				CLANG_WARN_INT_CONVERSION = YES;
				CLANG_WARN_OBJC_ROOT_CLASS = YES_ERROR;
				CLANG_WARN_UNREACHABLE_CODE = YES;
				CLANG_WARN__DUPLICATE_METHOD_MATCH = YES;
				"CODE_SIGN_IDENTITY[sdk=iphoneos*]" = "iPhone Developer";
				COPY_PHASE_STRIP = NO;
				ENABLE_STRICT_OBJC_MSGSEND = YES;
				ENABLE_TESTABILITY = YES;
				GCC_C_LANGUAGE_STANDARD = gnu99;
				GCC_DYNAMIC_NO_PIC = NO;
				GCC_OPTIMIZATION_LEVEL = 0;
				GCC_PREPROCESSOR_DEFINITIONS = (
					"DEBUG=1",
					"$(inherited)",
				);
				GCC_SYMBOLS_PRIVATE_EXTERN = NO;
				GCC_WARN_64_TO_32_BIT_CONVERSION = YES;
				GCC_WARN_ABOUT_RETURN_TYPE = YES_ERROR;
				GCC_WARN_UNDECLARED_SELECTOR = YES;
				GCC_WARN_UNINITIALIZED_AUTOS = YES_AGGRESSIVE;
				GCC_WARN_UNUSED_FUNCTION = YES;
				GCC_WARN_UNUSED_VARIABLE = YES;
				IPHONEOS_DEPLOYMENT_TARGET = 9.1;
				METAL_ENABLE_DEBUG_INFO = YES;
				ONLY_ACTIVE_ARCH = YES;
				SDKROOT = iphoneos;
				SWIFT_OBJC_BRIDGING_HEADER = FeedlyClient/bridge.h;
				SWIFT_OPTIMIZATION_LEVEL = "-Onone";
				TARGETED_DEVICE_FAMILY = "1,2";
			};
			name = Debug;
		};
		4E6ADB0A1975A05100D3C72C /* Release */ = {
			isa = XCBuildConfiguration;
			buildSettings = {
				ALWAYS_SEARCH_USER_PATHS = NO;
				CLANG_CXX_LANGUAGE_STANDARD = "gnu++0x";
				CLANG_CXX_LIBRARY = "libc++";
				CLANG_ENABLE_MODULES = YES;
				CLANG_ENABLE_OBJC_ARC = YES;
				CLANG_WARN_BOOL_CONVERSION = YES;
				CLANG_WARN_CONSTANT_CONVERSION = YES;
				CLANG_WARN_DIRECT_OBJC_ISA_USAGE = YES_ERROR;
				CLANG_WARN_EMPTY_BODY = YES;
				CLANG_WARN_ENUM_CONVERSION = YES;
				CLANG_WARN_INT_CONVERSION = YES;
				CLANG_WARN_OBJC_ROOT_CLASS = YES_ERROR;
				CLANG_WARN_UNREACHABLE_CODE = YES;
				CLANG_WARN__DUPLICATE_METHOD_MATCH = YES;
				"CODE_SIGN_IDENTITY[sdk=iphoneos*]" = "iPhone Developer";
				COPY_PHASE_STRIP = YES;
				ENABLE_NS_ASSERTIONS = NO;
				ENABLE_STRICT_OBJC_MSGSEND = YES;
				GCC_C_LANGUAGE_STANDARD = gnu99;
				GCC_WARN_64_TO_32_BIT_CONVERSION = YES;
				GCC_WARN_ABOUT_RETURN_TYPE = YES_ERROR;
				GCC_WARN_UNDECLARED_SELECTOR = YES;
				GCC_WARN_UNINITIALIZED_AUTOS = YES_AGGRESSIVE;
				GCC_WARN_UNUSED_FUNCTION = YES;
				GCC_WARN_UNUSED_VARIABLE = YES;
				IPHONEOS_DEPLOYMENT_TARGET = 9.1;
				METAL_ENABLE_DEBUG_INFO = NO;
				SDKROOT = iphoneos;
				SWIFT_OBJC_BRIDGING_HEADER = FeedlyClient/bridge.h;
				TARGETED_DEVICE_FAMILY = "1,2";
				VALIDATE_PRODUCT = YES;
			};
			name = Release;
		};
		4E6ADB0C1975A05100D3C72C /* Debug */ = {
			isa = XCBuildConfiguration;
			baseConfigurationReference = 2C5764085B34C158AD12C95F /* Pods.debug.xcconfig */;
			buildSettings = {
				ASSETCATALOG_COMPILER_APPICON_NAME = AppIcon;
				ASSETCATALOG_COMPILER_LAUNCHIMAGE_NAME = LaunchImage;
				CLANG_ENABLE_MODULES = YES;
				CODE_SIGN_IDENTITY = "iPhone Developer";
				"CODE_SIGN_IDENTITY[sdk=iphoneos*]" = "iPhone Developer";
				INFOPLIST_FILE = FeedlyClient/Info.plist;
				IPHONEOS_DEPLOYMENT_TARGET = 9.1;
				LD_RUNPATH_SEARCH_PATHS = "$(inherited) @executable_path/Frameworks";
				PRODUCT_BUNDLE_IDENTIFIER = "ro.florindanmunteanu.${PRODUCT_NAME:rfc1034identifier}";
				PRODUCT_NAME = "$(TARGET_NAME)";
				PROVISIONING_PROFILE = "";
				SWIFT_OPTIMIZATION_LEVEL = "-Onone";
				TARGETED_DEVICE_FAMILY = "1,2";
			};
			name = Debug;
		};
		4E6ADB0D1975A05100D3C72C /* Release */ = {
			isa = XCBuildConfiguration;
			baseConfigurationReference = BE406C8FD8ED71A92753A363 /* Pods.release.xcconfig */;
			buildSettings = {
				ASSETCATALOG_COMPILER_APPICON_NAME = AppIcon;
				ASSETCATALOG_COMPILER_LAUNCHIMAGE_NAME = LaunchImage;
				CLANG_ENABLE_MODULES = YES;
				CODE_SIGN_IDENTITY = "iPhone Developer";
				"CODE_SIGN_IDENTITY[sdk=iphoneos*]" = "iPhone Developer";
				INFOPLIST_FILE = FeedlyClient/Info.plist;
				IPHONEOS_DEPLOYMENT_TARGET = 9.1;
				LD_RUNPATH_SEARCH_PATHS = "$(inherited) @executable_path/Frameworks";
				PRODUCT_BUNDLE_IDENTIFIER = "ro.florindanmunteanu.${PRODUCT_NAME:rfc1034identifier}";
				PRODUCT_NAME = "$(TARGET_NAME)";
				PROVISIONING_PROFILE = "";
				TARGETED_DEVICE_FAMILY = "1,2";
			};
			name = Release;
		};
		4E6ADB0F1975A05100D3C72C /* Debug */ = {
			isa = XCBuildConfiguration;
			buildSettings = {
				BUNDLE_LOADER = "$(BUILT_PRODUCTS_DIR)/FeedlyClient.app/FeedlyClient";
				FRAMEWORK_SEARCH_PATHS = (
					"$(SDKROOT)/Developer/Library/Frameworks",
					"$(inherited)",
				);
				GCC_PREPROCESSOR_DEFINITIONS = (
					"DEBUG=1",
					"$(inherited)",
				);
				INFOPLIST_FILE = FeedlyClientTests/Info.plist;
				IPHONEOS_DEPLOYMENT_TARGET = 9.1;
				LD_RUNPATH_SEARCH_PATHS = "$(inherited) @executable_path/Frameworks @loader_path/Frameworks";
				METAL_ENABLE_DEBUG_INFO = YES;
				PRODUCT_BUNDLE_IDENTIFIER = "ro.florindanmunteanu.${PRODUCT_NAME:rfc1034identifier}";
				PRODUCT_NAME = "$(TARGET_NAME)";
				TEST_HOST = "$(BUNDLE_LOADER)";
			};
			name = Debug;
		};
		4E6ADB101975A05100D3C72C /* Release */ = {
			isa = XCBuildConfiguration;
			buildSettings = {
				BUNDLE_LOADER = "$(BUILT_PRODUCTS_DIR)/FeedlyClient.app/FeedlyClient";
				FRAMEWORK_SEARCH_PATHS = (
					"$(SDKROOT)/Developer/Library/Frameworks",
					"$(inherited)",
				);
				INFOPLIST_FILE = FeedlyClientTests/Info.plist;
				IPHONEOS_DEPLOYMENT_TARGET = 9.1;
				LD_RUNPATH_SEARCH_PATHS = "$(inherited) @executable_path/Frameworks @loader_path/Frameworks";
				METAL_ENABLE_DEBUG_INFO = NO;
				PRODUCT_BUNDLE_IDENTIFIER = "ro.florindanmunteanu.${PRODUCT_NAME:rfc1034identifier}";
				PRODUCT_NAME = "$(TARGET_NAME)";
				TEST_HOST = "$(BUNDLE_LOADER)";
			};
			name = Release;
		};
/* End XCBuildConfiguration section */

/* Begin XCConfigurationList section */
		4E6ADAEC1975A05000D3C72C /* Build configuration list for PBXProject "FeedlyClient" */ = {
			isa = XCConfigurationList;
			buildConfigurations = (
				4E6ADB091975A05100D3C72C /* Debug */,
				4E6ADB0A1975A05100D3C72C /* Release */,
			);
			defaultConfigurationIsVisible = 0;
			defaultConfigurationName = Release;
		};
		4E6ADB0B1975A05100D3C72C /* Build configuration list for PBXNativeTarget "FeedlyClient" */ = {
			isa = XCConfigurationList;
			buildConfigurations = (
				4E6ADB0C1975A05100D3C72C /* Debug */,
				4E6ADB0D1975A05100D3C72C /* Release */,
			);
			defaultConfigurationIsVisible = 0;
			defaultConfigurationName = Release;
		};
		4E6ADB0E1975A05100D3C72C /* Build configuration list for PBXNativeTarget "FeedlyClientTests" */ = {
			isa = XCConfigurationList;
			buildConfigurations = (
				4E6ADB0F1975A05100D3C72C /* Debug */,
				4E6ADB101975A05100D3C72C /* Release */,
			);
			defaultConfigurationIsVisible = 0;
			defaultConfigurationName = Release;
		};
/* End XCConfigurationList section */

/* Begin XCVersionGroup section */
		4E476F9B19B6421D0010588D /* FeedlyClient.xcdatamodeld */ = {
			isa = XCVersionGroup;
			children = (
				4E476F9C19B6421D0010588D /* FeedlyClient.xcdatamodel */,
			);
			currentVersion = 4E476F9C19B6421D0010588D /* FeedlyClient.xcdatamodel */;
			name = FeedlyClient.xcdatamodeld;
			path = CoreData/FeedlyClient.xcdatamodeld;
			sourceTree = "<group>";
			versionGroupType = wrapper.xcdatamodel;
		};
/* End XCVersionGroup section */
	};
	rootObject = 4E6ADAE91975A05000D3C72C /* Project object */;
}
